
Microsoft Visual Studio Solution File, Format Version 12.00
# Visual Studio Version 16
VisualStudioVersion = 25.0.1704.3
MinimumVisualStudioVersion = 10.0.40219.1
Project("{FAE04EC0-301F-11D3-BF4B-00C04F79EFBC}") = "NotesKeeper.Android", "NotesKeeper\NotesKeeper.Android\NotesKeeper.Android.csproj", "{F217E8B1-CBD2-4F08-BD91-BC873D45C5C3}"
EndProject
Project("{FAE04EC0-301F-11D3-BF4B-00C04F79EFBC}") = "NotesKeeper.iOS", "NotesKeeper\NotesKeeper.iOS\NotesKeeper.iOS.csproj", "{9F89BC5E-3280-4E6D-A843-C80CEEF31789}"
EndProject
Project("{FAE04EC0-301F-11D3-BF4B-00C04F79EFBC}") = "NotesKeeper", "NotesKeeper\NotesKeeper\NotesKeeper.csproj", "{BAA4562B-A13D-4723-B58C-5C3D1661716B}"
EndProject
Global
	GlobalSection(SolutionConfigurationPlatforms) = preSolution
		Debug|Any CPU = Debug|Any CPU
		Release|Any CPU = Release|Any CPU
		Debug|iPhoneSimulator = Debug|iPhoneSimulator
		Release|iPhoneSimulator = Release|iPhoneSimulator
		Debug|iPhone = Debug|iPhone
		Release|iPhone = Release|iPhone
	EndGlobalSection
	GlobalSection(ProjectConfigurationPlatforms) = postSolution
		{F217E8B1-CBD2-4F08-BD91-BC873D45C5C3}.Debug|Any CPU.ActiveCfg = Debug|Any CPU
		{F217E8B1-CBD2-4F08-BD91-BC873D45C5C3}.Debug|Any CPU.Build.0 = Debug|Any CPU
		{F217E8B1-CBD2-4F08-BD91-BC873D45C5C3}.Release|Any CPU.ActiveCfg = Release|Any CPU
		{F217E8B1-CBD2-4F08-BD91-BC873D45C5C3}.Release|Any CPU.Build.0 = Release|Any CPU
		{F217E8B1-CBD2-4F08-BD91-BC873D45C5C3}.Debug|iPhoneSimulator.ActiveCfg = Debug|Any CPU
		{F217E8B1-CBD2-4F08-BD91-BC873D45C5C3}.Debug|iPhoneSimulator.Build.0 = Debug|Any CPU
		{F217E8B1-CBD2-4F08-BD91-BC873D45C5C3}.Release|iPhoneSimulator.ActiveCfg = Release|Any CPU
		{F217E8B1-CBD2-4F08-BD91-BC873D45C5C3}.Release|iPhoneSimulator.Build.0 = Release|Any CPU
		{F217E8B1-CBD2-4F08-BD91-BC873D45C5C3}.Debug|iPhone.ActiveCfg = Debug|Any CPU
		{F217E8B1-CBD2-4F08-BD91-BC873D45C5C3}.Debug|iPhone.Build.0 = Debug|Any CPU
		{F217E8B1-CBD2-4F08-BD91-BC873D45C5C3}.Release|iPhone.ActiveCfg = Release|Any CPU
		{F217E8B1-CBD2-4F08-BD91-BC873D45C5C3}.Release|iPhone.Build.0 = Release|Any CPU
		{9F89BC5E-3280-4E6D-A843-C80CEEF31789}.Debug|Any CPU.ActiveCfg = Debug|iPhoneSimulator
		{9F89BC5E-3280-4E6D-A843-C80CEEF31789}.Debug|Any CPU.Build.0 = Debug|iPhoneSimulator
		{9F89BC5E-3280-4E6D-A843-C80CEEF31789}.Release|Any CPU.ActiveCfg = Release|iPhoneSimulator
		{9F89BC5E-3280-4E6D-A843-C80CEEF31789}.Release|Any CPU.Build.0 = Release|iPhoneSimulator
		{9F89BC5E-3280-4E6D-A843-C80CEEF31789}.Debug|iPhoneSimulator.ActiveCfg = Debug|iPhoneSimulator
		{9F89BC5E-3280-4E6D-A843-C80CEEF31789}.Debug|iPhoneSimulator.Build.0 = Debug|iPhoneSimulator
		{9F89BC5E-3280-4E6D-A843-C80CEEF31789}.Release|iPhoneSimulator.ActiveCfg = Release|iPhoneSimulator
		{9F89BC5E-3280-4E6D-A843-C80CEEF31789}.Release|iPhoneSimulator.Build.0 = Release|iPhoneSimulator
		{9F89BC5E-3280-4E6D-A843-C80CEEF31789}.Debug|iPhone.ActiveCfg = Debug|iPhone
		{9F89BC5E-3280-4E6D-A843-C80CEEF31789}.Debug|iPhone.Build.0 = Debug|iPhone
		{9F89BC5E-3280-4E6D-A843-C80CEEF31789}.Release|iPhone.ActiveCfg = Release|iPhone
		{9F89BC5E-3280-4E6D-A843-C80CEEF31789}.Release|iPhone.Build.0 = Release|iPhone
		{BAA4562B-A13D-4723-B58C-5C3D1661716B}.Debug|Any CPU.ActiveCfg = Debug|Any CPU
		{BAA4562B-A13D-4723-B58C-5C3D1661716B}.Debug|Any CPU.Build.0 = Debug|Any CPU
		{BAA4562B-A13D-4723-B58C-5C3D1661716B}.Release|Any CPU.ActiveCfg = Release|Any CPU
		{BAA4562B-A13D-4723-B58C-5C3D1661716B}.Release|Any CPU.Build.0 = Release|Any CPU
		{BAA4562B-A13D-4723-B58C-5C3D1661716B}.Debug|iPhoneSimulator.ActiveCfg = Debug|Any CPU
		{BAA4562B-A13D-4723-B58C-5C3D1661716B}.Debug|iPhoneSimulator.Build.0 = Debug|Any CPU
		{BAA4562B-A13D-4723-B58C-5C3D1661716B}.Release|iPhoneSimulator.ActiveCfg = Release|Any CPU
		{BAA4562B-A13D-4723-B58C-5C3D1661716B}.Release|iPhoneSimulator.Build.0 = Release|Any CPU
		{BAA4562B-A13D-4723-B58C-5C3D1661716B}.Debug|iPhone.ActiveCfg = Debug|Any CPU
		{BAA4562B-A13D-4723-B58C-5C3D1661716B}.Debug|iPhone.Build.0 = Debug|Any CPU
		{BAA4562B-A13D-4723-B58C-5C3D1661716B}.Release|iPhone.ActiveCfg = Release|Any CPU
		{BAA4562B-A13D-4723-B58C-5C3D1661716B}.Release|iPhone.Build.0 = Release|Any CPU
	EndGlobalSection
	GlobalSection(SolutionProperties) = preSolution
		HideSolutionNode = FALSE
	EndGlobalSection
	GlobalSection(ExtensibilityGlobals) = postSolution
		SolutionGuid = {1832000B-297E-4D13-8E2B-624BA6DA1C27}
	EndGlobalSection
EndGlobal
